Microsoft Visual Studio Solution File, Format Version 12.00
# Visual Studio 2015
Project("{FAE04EC0-301F-11D3-BF4B-00C04F79EFBC}") = "170330BBZ.Plugins", "170330BBZ.Plugins.csproj", "{A146931A-888D-7864-0764-E8FBADBF0F5B}"
EndProject
Project("{FAE04EC0-301F-11D3-BF4B-00C04F79EFBC}") = "170330BBZ", "170330BBZ.csproj", "{0AED3AE1-5751-0D5B-E2C9-0FAF60EAFFC6}"
EndProject
Project("{FAE04EC0-301F-11D3-BF4B-00C04F79EFBC}") = "170330BBZ.Editor", "170330BBZ.Editor.csproj", "{A316D30B-80C3-B53F-E354-67EEA75C0DC6}"
EndProject
Global
	GlobalSection(SolutionConfigurationPlatforms) = preSolution
		Debug|Any CPU = Debug|Any CPU
		Release|Any CPU = Release|Any CPU
	EndGlobalSection
	GlobalSection(ProjectConfigurationPlatforms) = postSolution
		{A146931A-888D-7864-0764-E8FBADBF0F5B}.Debug|Any CPU.ActiveCfg = Debug|Any CPU
		{A146931A-888D-7864-0764-E8FBADBF0F5B}.Debug|Any CPU.Build.0 = Debug|Any CPU
		{A146931A-888D-7864-0764-E8FBADBF0F5B}.Release|Any CPU.ActiveCfg = Release|Any CPU
		{A146931A-888D-7864-0764-E8FBADBF0F5B}.Release|Any CPU.Build.0 = Release|Any CPU
		{0AED3AE1-5751-0D5B-E2C9-0FAF60EAFFC6}.Debug|Any CPU.ActiveCfg = Debug|Any CPU
		{0AED3AE1-5751-0D5B-E2C9-0FAF60EAFFC6}.Debug|Any CPU.Build.0 = Debug|Any CPU
		{0AED3AE1-5751-0D5B-E2C9-0FAF60EAFFC6}.Release|Any CPU.ActiveCfg = Release|Any CPU
		{0AED3AE1-5751-0D5B-E2C9-0FAF60EAFFC6}.Release|Any CPU.Build.0 = Release|Any CPU
		{A316D30B-80C3-B53F-E354-67EEA75C0DC6}.Debug|Any CPU.ActiveCfg = Debug|Any CPU
		{A316D30B-80C3-B53F-E354-67EEA75C0DC6}.Debug|Any CPU.Build.0 = Debug|Any CPU
		{A316D30B-80C3-B53F-E354-67EEA75C0DC6}.Release|Any CPU.ActiveCfg = Release|Any CPU
		{A316D30B-80C3-B53F-E354-67EEA75C0DC6}.Release|Any CPU.Build.0 = Release|Any CPU
	EndGlobalSection
EndGlobal
