Microsoft Visual Studio Solution File, Format Version 11.00
# Visual Studio 2010
Project("{FAE04EC0-301F-11D3-BF4B-00C04F79EFBC}") = "170424BBZ", "Assembly-CSharp-firstpass.csproj", "{2E92B794-A784-F180-18A0-CD02E2B63EBA}"
EndProject
Project("{FAE04EC0-301F-11D3-BF4B-00C04F79EFBC}") = "170424BBZ", "Assembly-CSharp.csproj", "{83FD4D14-FDAD-19F3-D07D-E920734D5B2D}"
EndProject
Project("{FAE04EC0-301F-11D3-BF4B-00C04F79EFBC}") = "170424BBZ", "Assembly-CSharp-Editor.csproj", "{596CD7F3-04F0-50DC-3FD5-DC655BA16B62}"
EndProject
Global
	GlobalSection(SolutionConfigurationPlatforms) = preSolution
		Debug|Any CPU = Debug|Any CPU
		Release|Any CPU = Release|Any CPU
	EndGlobalSection
	GlobalSection(ProjectConfigurationPlatforms) = postSolution
		{2E92B794-A784-F180-18A0-CD02E2B63EBA}.Debug|Any CPU.ActiveCfg = Debug|Any CPU
		{2E92B794-A784-F180-18A0-CD02E2B63EBA}.Debug|Any CPU.Build.0 = Debug|Any CPU
		{2E92B794-A784-F180-18A0-CD02E2B63EBA}.Release|Any CPU.ActiveCfg = Release|Any CPU
		{2E92B794-A784-F180-18A0-CD02E2B63EBA}.Release|Any CPU.Build.0 = Release|Any CPU
		{83FD4D14-FDAD-19F3-D07D-E920734D5B2D}.Debug|Any CPU.ActiveCfg = Debug|Any CPU
		{83FD4D14-FDAD-19F3-D07D-E920734D5B2D}.Debug|Any CPU.Build.0 = Debug|Any CPU
		{83FD4D14-FDAD-19F3-D07D-E920734D5B2D}.Release|Any CPU.ActiveCfg = Release|Any CPU
		{83FD4D14-FDAD-19F3-D07D-E920734D5B2D}.Release|Any CPU.Build.0 = Release|Any CPU
		{596CD7F3-04F0-50DC-3FD5-DC655BA16B62}.Debug|Any CPU.ActiveCfg = Debug|Any CPU
		{596CD7F3-04F0-50DC-3FD5-DC655BA16B62}.Debug|Any CPU.Build.0 = Debug|Any CPU
		{596CD7F3-04F0-50DC-3FD5-DC655BA16B62}.Release|Any CPU.ActiveCfg = Release|Any CPU
		{596CD7F3-04F0-50DC-3FD5-DC655BA16B62}.Release|Any CPU.Build.0 = Release|Any CPU
	EndGlobalSection
	GlobalSection(MonoDevelopProperties) = preSolution
		StartupItem = Assembly-CSharp.csproj
	EndGlobalSection
EndGlobal
