Microsoft Visual Studio Solution File, Format Version 11.00
# Visual Studio 2010
Project("{FAE04EC0-301F-11D3-BF4B-00C04F79EFBC}") = "170425_Current_BBZ", "Assembly-CSharp-firstpass.csproj", "{874744DA-593C-8851-C327-3B0B1FC295CA}"
EndProject
Project("{FAE04EC0-301F-11D3-BF4B-00C04F79EFBC}") = "170425_Current_BBZ", "Assembly-CSharp.csproj", "{A54E75A0-FBE9-BAFA-8711-7AC1E637AB6A}"
EndProject
Project("{FAE04EC0-301F-11D3-BF4B-00C04F79EFBC}") = "170425_Current_BBZ", "Assembly-CSharp-Editor.csproj", "{881E625F-0BA8-54E9-0AA3-4131765C86C9}"
EndProject
Global
	GlobalSection(SolutionConfigurationPlatforms) = preSolution
		Debug|Any CPU = Debug|Any CPU
		Release|Any CPU = Release|Any CPU
	EndGlobalSection
	GlobalSection(ProjectConfigurationPlatforms) = postSolution
		{874744DA-593C-8851-C327-3B0B1FC295CA}.Debug|Any CPU.ActiveCfg = Debug|Any CPU
		{874744DA-593C-8851-C327-3B0B1FC295CA}.Debug|Any CPU.Build.0 = Debug|Any CPU
		{874744DA-593C-8851-C327-3B0B1FC295CA}.Release|Any CPU.ActiveCfg = Release|Any CPU
		{874744DA-593C-8851-C327-3B0B1FC295CA}.Release|Any CPU.Build.0 = Release|Any CPU
		{A54E75A0-FBE9-BAFA-8711-7AC1E637AB6A}.Debug|Any CPU.ActiveCfg = Debug|Any CPU
		{A54E75A0-FBE9-BAFA-8711-7AC1E637AB6A}.Debug|Any CPU.Build.0 = Debug|Any CPU
		{A54E75A0-FBE9-BAFA-8711-7AC1E637AB6A}.Release|Any CPU.ActiveCfg = Release|Any CPU
		{A54E75A0-FBE9-BAFA-8711-7AC1E637AB6A}.Release|Any CPU.Build.0 = Release|Any CPU
		{881E625F-0BA8-54E9-0AA3-4131765C86C9}.Debug|Any CPU.ActiveCfg = Debug|Any CPU
		{881E625F-0BA8-54E9-0AA3-4131765C86C9}.Debug|Any CPU.Build.0 = Debug|Any CPU
		{881E625F-0BA8-54E9-0AA3-4131765C86C9}.Release|Any CPU.ActiveCfg = Release|Any CPU
		{881E625F-0BA8-54E9-0AA3-4131765C86C9}.Release|Any CPU.Build.0 = Release|Any CPU
	EndGlobalSection
	GlobalSection(MonoDevelopProperties) = preSolution
		StartupItem = Assembly-CSharp.csproj
	EndGlobalSection
EndGlobal
