
Microsoft Visual Studio Solution File, Format Version 12.00
# Visual Studio 2015
Project("{FAE04EC0-301F-11D3-BF4B-00C04F79EFBC}") = "170527_Current_BBZ.Plugins", "170527_Current_BBZ.Plugins.csproj", "{1C6EF1BF-8793-1902-8A76-4A033BFD1893}"
EndProject
Project("{FAE04EC0-301F-11D3-BF4B-00C04F79EFBC}") = "170527_Current_BBZ", "170527_Current_BBZ.csproj", "{61325E2B-67CA-A47D-A18B-033E2C8117F5}"
EndProject
Project("{FAE04EC0-301F-11D3-BF4B-00C04F79EFBC}") = "170527_Current_BBZ.Editor", "170527_Current_BBZ.Editor.csproj", "{2592AEA4-EE1A-28F2-A730-EFFB2FB7B328}"
EndProject
Global
	GlobalSection(SolutionConfigurationPlatforms) = preSolution
		Debug|Any CPU = Debug|Any CPU
		Release|Any CPU = Release|Any CPU
	EndGlobalSection
	GlobalSection(ProjectConfigurationPlatforms) = postSolution
		{1C6EF1BF-8793-1902-8A76-4A033BFD1893}.Debug|Any CPU.ActiveCfg = Debug|Any CPU
		{1C6EF1BF-8793-1902-8A76-4A033BFD1893}.Debug|Any CPU.Build.0 = Debug|Any CPU
		{1C6EF1BF-8793-1902-8A76-4A033BFD1893}.Release|Any CPU.ActiveCfg = Release|Any CPU
		{1C6EF1BF-8793-1902-8A76-4A033BFD1893}.Release|Any CPU.Build.0 = Release|Any CPU
		{61325E2B-67CA-A47D-A18B-033E2C8117F5}.Debug|Any CPU.ActiveCfg = Debug|Any CPU
		{61325E2B-67CA-A47D-A18B-033E2C8117F5}.Debug|Any CPU.Build.0 = Debug|Any CPU
		{61325E2B-67CA-A47D-A18B-033E2C8117F5}.Release|Any CPU.ActiveCfg = Release|Any CPU
		{61325E2B-67CA-A47D-A18B-033E2C8117F5}.Release|Any CPU.Build.0 = Release|Any CPU
		{2592AEA4-EE1A-28F2-A730-EFFB2FB7B328}.Debug|Any CPU.ActiveCfg = Debug|Any CPU
		{2592AEA4-EE1A-28F2-A730-EFFB2FB7B328}.Debug|Any CPU.Build.0 = Debug|Any CPU
		{2592AEA4-EE1A-28F2-A730-EFFB2FB7B328}.Release|Any CPU.ActiveCfg = Release|Any CPU
		{2592AEA4-EE1A-28F2-A730-EFFB2FB7B328}.Release|Any CPU.Build.0 = Release|Any CPU
	EndGlobalSection
	GlobalSection(SolutionProperties) = preSolution
		HideSolutionNode = FALSE
	EndGlobalSection
EndGlobal
