
Microsoft Visual Studio Solution File, Format Version 12.00
# Visual Studio 2015
Project("{FAE04EC0-301F-11D3-BF4B-00C04F79EFBC}") = "170524_Current_BBZ.Plugins", "170524_Current_BBZ.Plugins.csproj", "{D03D9DC3-0D89-74D3-0523-1B2C0B015CE3}"
EndProject
Project("{FAE04EC0-301F-11D3-BF4B-00C04F79EFBC}") = "170524_Current_BBZ", "170524_Current_BBZ.csproj", "{C68097E7-F94C-692B-0477-243E1E286CED}"
EndProject
Project("{FAE04EC0-301F-11D3-BF4B-00C04F79EFBC}") = "170524_Current_BBZ.Editor", "170524_Current_BBZ.Editor.csproj", "{1D1DB05E-97E2-48A9-35FA-CAF55461BEE9}"
EndProject
Global
	GlobalSection(SolutionConfigurationPlatforms) = preSolution
		Debug|Any CPU = Debug|Any CPU
		Release|Any CPU = Release|Any CPU
	EndGlobalSection
	GlobalSection(ProjectConfigurationPlatforms) = postSolution
		{D03D9DC3-0D89-74D3-0523-1B2C0B015CE3}.Debug|Any CPU.ActiveCfg = Debug|Any CPU
		{D03D9DC3-0D89-74D3-0523-1B2C0B015CE3}.Debug|Any CPU.Build.0 = Debug|Any CPU
		{D03D9DC3-0D89-74D3-0523-1B2C0B015CE3}.Release|Any CPU.ActiveCfg = Release|Any CPU
		{D03D9DC3-0D89-74D3-0523-1B2C0B015CE3}.Release|Any CPU.Build.0 = Release|Any CPU
		{C68097E7-F94C-692B-0477-243E1E286CED}.Debug|Any CPU.ActiveCfg = Debug|Any CPU
		{C68097E7-F94C-692B-0477-243E1E286CED}.Debug|Any CPU.Build.0 = Debug|Any CPU
		{C68097E7-F94C-692B-0477-243E1E286CED}.Release|Any CPU.ActiveCfg = Release|Any CPU
		{C68097E7-F94C-692B-0477-243E1E286CED}.Release|Any CPU.Build.0 = Release|Any CPU
		{1D1DB05E-97E2-48A9-35FA-CAF55461BEE9}.Debug|Any CPU.ActiveCfg = Debug|Any CPU
		{1D1DB05E-97E2-48A9-35FA-CAF55461BEE9}.Debug|Any CPU.Build.0 = Debug|Any CPU
		{1D1DB05E-97E2-48A9-35FA-CAF55461BEE9}.Release|Any CPU.ActiveCfg = Release|Any CPU
		{1D1DB05E-97E2-48A9-35FA-CAF55461BEE9}.Release|Any CPU.Build.0 = Release|Any CPU
	EndGlobalSection
	GlobalSection(SolutionProperties) = preSolution
		HideSolutionNode = FALSE
	EndGlobalSection
EndGlobal
